
Microsoft Visual Studio Solution File, Format Version 12.00
# Visual Studio Version 17
VisualStudioVersion = 17.8.34330.188
MinimumVisualStudioVersion = 10.0.40219.1
Project("{9A19103F-16F7-4668-BE54-9A1E7A4F7556}") = "Stage0", "Stage0\Stage0.csproj", "{285B64F6-6D58-4040-8C77-0552FAF7CE4B}"
EndProject
Project("{2150E333-8FDC-42A3-9474-1A3956D46DE8}") = "Solution Items", "Solution Items", "{0CFF13B0-9588-430A-A0B7-7BF16E824917}"
	ProjectSection(SolutionItems) = preProject
		README.md = README.md
	EndProjectSection
EndProject
Project("{9A19103F-16F7-4668-BE54-9A1E7A4F7556}") = "DalFacade", "DalFacade\DalFacade.csproj", "{9924A407-A380-46F9-B83F-B9855278E0A7}"
EndProject
Project("{9A19103F-16F7-4668-BE54-9A1E7A4F7556}") = "DalList", "DalList\DalList.csproj", "{B406F1FF-141A-4676-9B01-61C63BA1468D}"
EndProject
Project("{9A19103F-16F7-4668-BE54-9A1E7A4F7556}") = "DalTest", "DalTest\DalTest.csproj", "{FF0498F6-BD41-4B3B-A822-47BD5697DF60}"
EndProject
Project("{9A19103F-16F7-4668-BE54-9A1E7A4F7556}") = "DalXml", "DalXml\DalXml.csproj", "{51A9A933-55BD-458B-917B-F4B80C9E3A7A}"
EndProject
Project("{2150E333-8FDC-42A3-9474-1A3956D46DE8}") = "xml", "xml", "{3F8C50DC-CA33-4224-BB5A-22D19D903635}"
	ProjectSection(SolutionItems) = preProject
		xml\dal-config.xml = xml\dal-config.xml
		xml\data-config.xml = xml\data-config.xml
		xml\dependencies.xml = xml\dependencies.xml
		xml\engineers.xml = xml\engineers.xml
		xml\tasks.xml = xml\tasks.xml
	EndProjectSection
EndProject
Project("{9A19103F-16F7-4668-BE54-9A1E7A4F7556}") = "BL", "BL\BL.csproj", "{4C370085-95AE-47CC-9653-FF9153025EEF}"
EndProject
Project("{9A19103F-16F7-4668-BE54-9A1E7A4F7556}") = "BlTest", "BlTest\BlTest.csproj", "{9B75FC3C-660D-43C7-87F6-F60E24E9C098}"
EndProject
Project("{FAE04EC0-301F-11D3-BF4B-00C04F79EFBC}") = "PL", "PL\PL.csproj", "{C2147283-40B3-4AB4-9F32-D3DD782A9EBC}"
EndProject
Global
	GlobalSection(SolutionConfigurationPlatforms) = preSolution
		Debug|Any CPU = Debug|Any CPU
		Release|Any CPU = Release|Any CPU
	EndGlobalSection
	GlobalSection(ProjectConfigurationPlatforms) = postSolution
		{285B64F6-6D58-4040-8C77-0552FAF7CE4B}.Debug|Any CPU.ActiveCfg = Debug|Any CPU
		{285B64F6-6D58-4040-8C77-0552FAF7CE4B}.Debug|Any CPU.Build.0 = Debug|Any CPU
		{285B64F6-6D58-4040-8C77-0552FAF7CE4B}.Release|Any CPU.ActiveCfg = Release|Any CPU
		{285B64F6-6D58-4040-8C77-0552FAF7CE4B}.Release|Any CPU.Build.0 = Release|Any CPU
		{9924A407-A380-46F9-B83F-B9855278E0A7}.Debug|Any CPU.ActiveCfg = Debug|Any CPU
		{9924A407-A380-46F9-B83F-B9855278E0A7}.Debug|Any CPU.Build.0 = Debug|Any CPU
		{9924A407-A380-46F9-B83F-B9855278E0A7}.Release|Any CPU.ActiveCfg = Release|Any CPU
		{9924A407-A380-46F9-B83F-B9855278E0A7}.Release|Any CPU.Build.0 = Release|Any CPU
		{B406F1FF-141A-4676-9B01-61C63BA1468D}.Debug|Any CPU.ActiveCfg = Debug|Any CPU
		{B406F1FF-141A-4676-9B01-61C63BA1468D}.Debug|Any CPU.Build.0 = Debug|Any CPU
		{B406F1FF-141A-4676-9B01-61C63BA1468D}.Release|Any CPU.ActiveCfg = Release|Any CPU
		{B406F1FF-141A-4676-9B01-61C63BA1468D}.Release|Any CPU.Build.0 = Release|Any CPU
		{FF0498F6-BD41-4B3B-A822-47BD5697DF60}.Debug|Any CPU.ActiveCfg = Debug|Any CPU
		{FF0498F6-BD41-4B3B-A822-47BD5697DF60}.Debug|Any CPU.Build.0 = Debug|Any CPU
		{FF0498F6-BD41-4B3B-A822-47BD5697DF60}.Release|Any CPU.ActiveCfg = Release|Any CPU
		{FF0498F6-BD41-4B3B-A822-47BD5697DF60}.Release|Any CPU.Build.0 = Release|Any CPU
		{51A9A933-55BD-458B-917B-F4B80C9E3A7A}.Debug|Any CPU.ActiveCfg = Debug|Any CPU
		{51A9A933-55BD-458B-917B-F4B80C9E3A7A}.Debug|Any CPU.Build.0 = Debug|Any CPU
		{51A9A933-55BD-458B-917B-F4B80C9E3A7A}.Release|Any CPU.ActiveCfg = Release|Any CPU
		{51A9A933-55BD-458B-917B-F4B80C9E3A7A}.Release|Any CPU.Build.0 = Release|Any CPU
		{4C370085-95AE-47CC-9653-FF9153025EEF}.Debug|Any CPU.ActiveCfg = Debug|Any CPU
		{4C370085-95AE-47CC-9653-FF9153025EEF}.Debug|Any CPU.Build.0 = Debug|Any CPU
		{4C370085-95AE-47CC-9653-FF9153025EEF}.Release|Any CPU.ActiveCfg = Release|Any CPU
		{4C370085-95AE-47CC-9653-FF9153025EEF}.Release|Any CPU.Build.0 = Release|Any CPU
		{9B75FC3C-660D-43C7-87F6-F60E24E9C098}.Debug|Any CPU.ActiveCfg = Debug|Any CPU
		{9B75FC3C-660D-43C7-87F6-F60E24E9C098}.Debug|Any CPU.Build.0 = Debug|Any CPU
		{9B75FC3C-660D-43C7-87F6-F60E24E9C098}.Release|Any CPU.ActiveCfg = Release|Any CPU
		{9B75FC3C-660D-43C7-87F6-F60E24E9C098}.Release|Any CPU.Build.0 = Release|Any CPU
		{C2147283-40B3-4AB4-9F32-D3DD782A9EBC}.Debug|Any CPU.ActiveCfg = Debug|Any CPU
		{C2147283-40B3-4AB4-9F32-D3DD782A9EBC}.Debug|Any CPU.Build.0 = Debug|Any CPU
		{C2147283-40B3-4AB4-9F32-D3DD782A9EBC}.Release|Any CPU.ActiveCfg = Release|Any CPU
		{C2147283-40B3-4AB4-9F32-D3DD782A9EBC}.Release|Any CPU.Build.0 = Release|Any CPU
	EndGlobalSection
	GlobalSection(SolutionProperties) = preSolution
		HideSolutionNode = FALSE
	EndGlobalSection
	GlobalSection(ExtensibilityGlobals) = postSolution
		SolutionGuid = {1A651BB0-0C16-4998-8828-B3C4D9E527D6}
	EndGlobalSection
EndGlobal
